
Microsoft Visual Studio Solution File, Format Version 12.00
# Visual Studio Version 16
VisualStudioVersion = 16.0.31112.23
MinimumVisualStudioVersion = 10.0.40219.1
Project("{FAE04EC0-301F-11D3-BF4B-00C04F79EFBC}") = "GestionPret", "GestionPret.csproj", "{2E4ABCAA-B46D-428B-B0CB-DB2C46754A05}"
EndProject
Global
	GlobalSection(SolutionConfigurationPlatforms) = preSolution
		Debug|Any CPU = Debug|Any CPU
		Release|Any CPU = Release|Any CPU
	EndGlobalSection
	GlobalSection(ProjectConfigurationPlatforms) = postSolution
		{2E4ABCAA-B46D-428B-B0CB-DB2C46754A05}.Debug|Any CPU.ActiveCfg = Debug|Any CPU
		{2E4ABCAA-B46D-428B-B0CB-DB2C46754A05}.Debug|Any CPU.Build.0 = Debug|Any CPU
		{2E4ABCAA-B46D-428B-B0CB-DB2C46754A05}.Release|Any CPU.ActiveCfg = Release|Any CPU
		{2E4ABCAA-B46D-428B-B0CB-DB2C46754A05}.Release|Any CPU.Build.0 = Release|Any CPU
	EndGlobalSection
	GlobalSection(SolutionProperties) = preSolution
		HideSolutionNode = FALSE
	EndGlobalSection
	GlobalSection(ExtensibilityGlobals) = postSolution
		SolutionGuid = {5B2F85A6-B4DA-486B-A8B4-40E92DFBA747}
	EndGlobalSection
EndGlobal
